
Microsoft Visual Studio Solution File, Format Version 12.00
# Visual Studio Version 16
VisualStudioVersion = 16.0.29806.167
MinimumVisualStudioVersion = 10.0.40219.1
Project("{FAE04EC0-301F-11D3-BF4B-00C04F79EFBC}") = "Library_Management_System_Web", "Library_Management_System_Web\Library_Management_System_Web.csproj", "{674B4652-F990-4F97-B0BA-223E06F29F67}"
EndProject
Global
	GlobalSection(SolutionConfigurationPlatforms) = preSolution
		Debug|Any CPU = Debug|Any CPU
		Release|Any CPU = Release|Any CPU
	EndGlobalSection
	GlobalSection(ProjectConfigurationPlatforms) = postSolution
		{674B4652-F990-4F97-B0BA-223E06F29F67}.Debug|Any CPU.ActiveCfg = Debug|Any CPU
		{674B4652-F990-4F97-B0BA-223E06F29F67}.Debug|Any CPU.Build.0 = Debug|Any CPU
		{674B4652-F990-4F97-B0BA-223E06F29F67}.Release|Any CPU.ActiveCfg = Release|Any CPU
		{674B4652-F990-4F97-B0BA-223E06F29F67}.Release|Any CPU.Build.0 = Release|Any CPU
	EndGlobalSection
	GlobalSection(SolutionProperties) = preSolution
		HideSolutionNode = FALSE
	EndGlobalSection
	GlobalSection(ExtensibilityGlobals) = postSolution
		SolutionGuid = {A0DE80FA-B6E5-47BC-B131-FDFFE348D97B}
	EndGlobalSection
EndGlobal
